<?xml version="1.0" encoding="utf-8"?>
<Project ToolsVersion="16.0" xmlns="http://schemas.microsoft.com/developer/msbuild/2003">
  <ItemGroup>
    <CustomBuild Include="C:\Users\will_\Dropbox\Kisley Lab\Gpufit\Source\Gpufit_source_20190624\Gpufit\examples\CUDA_Interface_Example.cu">
      <Filter>Source Files</Filter>
    </CustomBuild>
    <CustomBuild Include="C:\Users\will_\Dropbox\Kisley Lab\Gpufit\Source\Gpufit_source_20190624\Gpufit\examples\CMakeLists.txt" />
  </ItemGroup>
  <ItemGroup>
    <Object Include="C:\Users\will_\Dropbox\Kisley Lab\Gpufit\Builds\Gpufit_build-64_20190709\Gpufit\examples\CMakeFiles\CUDA_Interface_Example.dir\$(Configuration)\CUDA_Interface_Example_generated_CUDA_Interface_Example.cu.obj">
      <Filter>Object Files</Filter>
    </Object>
  </ItemGroup>
  <ItemGroup>
    <Filter Include="Object Files">
      <UniqueIdentifier>{3EC7F93C-7D6C-3234-AE47-4580D38173BD}</UniqueIdentifier>
    </Filter>
    <Filter Include="Source Files">
      <UniqueIdentifier>{A2E05C67-6DC7-35E3-9F58-11B8D9FEDFA2}</UniqueIdentifier>
    </Filter>
  </ItemGroup>
</Project>
