Microsoft Visual Studio Solution File, Format Version 12.00
# Visual Studio 16
Project("{2150E333-8FDC-42A3-9474-1A3956D46DE8}") = "CMakePredefinedTargets", "CMakePredefinedTargets", "{FBD8E98D-5D5E-3A61-A0ED-9B541461AA7E}"
EndProject
Project("{2150E333-8FDC-42A3-9474-1A3956D46DE8}") = "CTestDashboardTargets", "CTestDashboardTargets", "{CC169EE2-50D0-3589-AA89-C86915785FEC}"
EndProject
Project("{2150E333-8FDC-42A3-9474-1A3956D46DE8}") = "GpufitCpufitExamples", "GpufitCpufitExamples", "{E4BF04EA-2343-3C45-B77F-D68BBEA87DE3}"
EndProject
Project("{2150E333-8FDC-42A3-9474-1A3956D46DE8}") = "GpufitExamples", "GpufitExamples", "{61BA79AD-D629-3A76-8C5F-F6D29F56665B}"
EndProject
Project("{8BC9CEB8-8B4A-11D0-8D11-00A0C91BC942}") = "ALL_BUILD", "ALL_BUILD.vcxproj", "{903B0342-D784-3357-B0AE-9A5B40E8A652}"
	ProjectSection(ProjectDependencies) = postProject
		{18007A61-1D30-32D6-B02C-580DCFC9C73A} = {18007A61-1D30-32D6-B02C-580DCFC9C73A}
		{BC4718B8-AC84-3074-AE67-6C92BA053765} = {BC4718B8-AC84-3074-AE67-6C92BA053765}
		{169ADF4F-27B4-31DE-988F-7BFE89016902} = {169ADF4F-27B4-31DE-988F-7BFE89016902}
		{C9800236-7C6F-35AE-B32E-9DC4285EACDB} = {C9800236-7C6F-35AE-B32E-9DC4285EACDB}
		{126BF049-AE1F-3F6F-89C8-367B8B02B2C5} = {126BF049-AE1F-3F6F-89C8-367B8B02B2C5}
		{6424EA3E-8A61-3BE1-8486-C92E55CD0510} = {6424EA3E-8A61-3BE1-8486-C92E55CD0510}
		{4A1F9583-1D47-3E8B-A2FF-B3CD52D88790} = {4A1F9583-1D47-3E8B-A2FF-B3CD52D88790}
		{61D5ECB3-02A3-3AAF-A9D6-F9A4ED447C33} = {61D5ECB3-02A3-3AAF-A9D6-F9A4ED447C33}
		{65CA58C2-C6CF-31BB-9A37-DEE02BFFC021} = {65CA58C2-C6CF-31BB-9A37-DEE02BFFC021}
		{D969F8CA-9108-3CFC-AB2F-073DA4061E7D} = {D969F8CA-9108-3CFC-AB2F-073DA4061E7D}
		{E50417A1-ACD9-315D-9D12-EB28BF2DE652} = {E50417A1-ACD9-315D-9D12-EB28BF2DE652}
		{635D6367-5886-35FB-8563-4210B8EA091D} = {635D6367-5886-35FB-8563-4210B8EA091D}
		{8F64772D-9FFF-3436-8B00-AAEF3B805EFF} = {8F64772D-9FFF-3436-8B00-AAEF3B805EFF}
		{9342A979-60B3-39F3-945F-0639EACE9833} = {9342A979-60B3-39F3-945F-0639EACE9833}
	EndProjectSection
EndProject
Project("{8BC9CEB8-8B4A-11D0-8D11-00A0C91BC942}") = "CUDA_Interface_Example", "Gpufit\examples\CUDA_Interface_Example.vcxproj", "{18007A61-1D30-32D6-B02C-580DCFC9C73A}"
	ProjectSection(ProjectDependencies) = postProject
		{126BF049-AE1F-3F6F-89C8-367B8B02B2C5} = {126BF049-AE1F-3F6F-89C8-367B8B02B2C5}
		{9342A979-60B3-39F3-945F-0639EACE9833} = {9342A979-60B3-39F3-945F-0639EACE9833}
	EndProjectSection
EndProject
Project("{8BC9CEB8-8B4A-11D0-8D11-00A0C91BC942}") = "Continuous", "Continuous.vcxproj", "{5FA0949A-A96B-3B43-B6C1-EAF49CC3AA95}"
	ProjectSection(ProjectDependencies) = postProject
		{9342A979-60B3-39F3-945F-0639EACE9833} = {9342A979-60B3-39F3-945F-0639EACE9833}
	EndProjectSection
EndProject
Project("{8BC9CEB8-8B4A-11D0-8D11-00A0C91BC942}") = "Cpufit", "Cpufit\Cpufit.vcxproj", "{BC4718B8-AC84-3074-AE67-6C92BA053765}"
	ProjectSection(ProjectDependencies) = postProject
		{9342A979-60B3-39F3-945F-0639EACE9833} = {9342A979-60B3-39F3-945F-0639EACE9833}
	EndProjectSection
EndProject
Project("{8BC9CEB8-8B4A-11D0-8D11-00A0C91BC942}") = "CpufitMex", "Cpufit\matlab\CpufitMex.vcxproj", "{169ADF4F-27B4-31DE-988F-7BFE89016902}"
	ProjectSection(ProjectDependencies) = postProject
		{BC4718B8-AC84-3074-AE67-6C92BA053765} = {BC4718B8-AC84-3074-AE67-6C92BA053765}
		{9342A979-60B3-39F3-945F-0639EACE9833} = {9342A979-60B3-39F3-945F-0639EACE9833}
	EndProjectSection
EndProject
Project("{8BC9CEB8-8B4A-11D0-8D11-00A0C91BC942}") = "Experimental", "Experimental.vcxproj", "{ADBFC766-8D70-3AB4-8120-89AF7429B964}"
	ProjectSection(ProjectDependencies) = postProject
		{9342A979-60B3-39F3-945F-0639EACE9833} = {9342A979-60B3-39F3-945F-0639EACE9833}
	EndProjectSection
EndProject
Project("{8BC9CEB8-8B4A-11D0-8D11-00A0C91BC942}") = "Gauss_Fit_2D_Example", "Gpufit\examples\Gauss_Fit_2D_Example.vcxproj", "{C9800236-7C6F-35AE-B32E-9DC4285EACDB}"
	ProjectSection(ProjectDependencies) = postProject
		{126BF049-AE1F-3F6F-89C8-367B8B02B2C5} = {126BF049-AE1F-3F6F-89C8-367B8B02B2C5}
		{9342A979-60B3-39F3-945F-0639EACE9833} = {9342A979-60B3-39F3-945F-0639EACE9833}
	EndProjectSection
EndProject
Project("{8BC9CEB8-8B4A-11D0-8D11-00A0C91BC942}") = "Gpufit", "Gpufit\Gpufit.vcxproj", "{126BF049-AE1F-3F6F-89C8-367B8B02B2C5}"
	ProjectSection(ProjectDependencies) = postProject
		{9342A979-60B3-39F3-945F-0639EACE9833} = {9342A979-60B3-39F3-945F-0639EACE9833}
	EndProjectSection
EndProject
Project("{8BC9CEB8-8B4A-11D0-8D11-00A0C91BC942}") = "GpufitCudaAvailableMex", "Gpufit\matlab\GpufitCudaAvailableMex.vcxproj", "{6424EA3E-8A61-3BE1-8486-C92E55CD0510}"
	ProjectSection(ProjectDependencies) = postProject
		{126BF049-AE1F-3F6F-89C8-367B8B02B2C5} = {126BF049-AE1F-3F6F-89C8-367B8B02B2C5}
		{9342A979-60B3-39F3-945F-0639EACE9833} = {9342A979-60B3-39F3-945F-0639EACE9833}
	EndProjectSection
EndProject
Project("{8BC9CEB8-8B4A-11D0-8D11-00A0C91BC942}") = "GpufitMex", "Gpufit\matlab\GpufitMex.vcxproj", "{4A1F9583-1D47-3E8B-A2FF-B3CD52D88790}"
	ProjectSection(ProjectDependencies) = postProject
		{126BF049-AE1F-3F6F-89C8-367B8B02B2C5} = {126BF049-AE1F-3F6F-89C8-367B8B02B2C5}
		{9342A979-60B3-39F3-945F-0639EACE9833} = {9342A979-60B3-39F3-945F-0639EACE9833}
	EndProjectSection
EndProject
Project("{8BC9CEB8-8B4A-11D0-8D11-00A0C91BC942}") = "Gpufit_Cpufit_Nvidia_Profiler_Test", "examples\Gpufit_Cpufit_Nvidia_Profiler_Test.vcxproj", "{61D5ECB3-02A3-3AAF-A9D6-F9A4ED447C33}"
	ProjectSection(ProjectDependencies) = postProject
		{BC4718B8-AC84-3074-AE67-6C92BA053765} = {BC4718B8-AC84-3074-AE67-6C92BA053765}
		{126BF049-AE1F-3F6F-89C8-367B8B02B2C5} = {126BF049-AE1F-3F6F-89C8-367B8B02B2C5}
		{9342A979-60B3-39F3-945F-0639EACE9833} = {9342A979-60B3-39F3-945F-0639EACE9833}
	EndProjectSection
EndProject
Project("{8BC9CEB8-8B4A-11D0-8D11-00A0C91BC942}") = "Gpufit_Cpufit_Performance_Comparison", "examples\Gpufit_Cpufit_Performance_Comparison.vcxproj", "{65CA58C2-C6CF-31BB-9A37-DEE02BFFC021}"
	ProjectSection(ProjectDependencies) = postProject
		{BC4718B8-AC84-3074-AE67-6C92BA053765} = {BC4718B8-AC84-3074-AE67-6C92BA053765}
		{126BF049-AE1F-3F6F-89C8-367B8B02B2C5} = {126BF049-AE1F-3F6F-89C8-367B8B02B2C5}
		{9342A979-60B3-39F3-945F-0639EACE9833} = {9342A979-60B3-39F3-945F-0639EACE9833}
	EndProjectSection
EndProject
Project("{8BC9CEB8-8B4A-11D0-8D11-00A0C91BC942}") = "Linear_Regression_Example", "Gpufit\examples\Linear_Regression_Example.vcxproj", "{D969F8CA-9108-3CFC-AB2F-073DA4061E7D}"
	ProjectSection(ProjectDependencies) = postProject
		{126BF049-AE1F-3F6F-89C8-367B8B02B2C5} = {126BF049-AE1F-3F6F-89C8-367B8B02B2C5}
		{9342A979-60B3-39F3-945F-0639EACE9833} = {9342A979-60B3-39F3-945F-0639EACE9833}
	EndProjectSection
EndProject
Project("{8BC9CEB8-8B4A-11D0-8D11-00A0C91BC942}") = "MATLAB_CPUFIT_GPUFIT_PACKAGE", "Cpufit\matlab\MATLAB_CPUFIT_GPUFIT_PACKAGE.vcxproj", "{E50417A1-ACD9-315D-9D12-EB28BF2DE652}"
	ProjectSection(ProjectDependencies) = postProject
		{BC4718B8-AC84-3074-AE67-6C92BA053765} = {BC4718B8-AC84-3074-AE67-6C92BA053765}
		{169ADF4F-27B4-31DE-988F-7BFE89016902} = {169ADF4F-27B4-31DE-988F-7BFE89016902}
		{A74C6B00-1D22-33C7-94D1-79CC39D54F13} = {A74C6B00-1D22-33C7-94D1-79CC39D54F13}
		{9342A979-60B3-39F3-945F-0639EACE9833} = {9342A979-60B3-39F3-945F-0639EACE9833}
	EndProjectSection
EndProject
Project("{8BC9CEB8-8B4A-11D0-8D11-00A0C91BC942}") = "MATLAB_GPUFIT_PACKAGE", "Gpufit\matlab\MATLAB_GPUFIT_PACKAGE.vcxproj", "{A74C6B00-1D22-33C7-94D1-79CC39D54F13}"
	ProjectSection(ProjectDependencies) = postProject
		{126BF049-AE1F-3F6F-89C8-367B8B02B2C5} = {126BF049-AE1F-3F6F-89C8-367B8B02B2C5}
		{6424EA3E-8A61-3BE1-8486-C92E55CD0510} = {6424EA3E-8A61-3BE1-8486-C92E55CD0510}
		{4A1F9583-1D47-3E8B-A2FF-B3CD52D88790} = {4A1F9583-1D47-3E8B-A2FF-B3CD52D88790}
		{9342A979-60B3-39F3-945F-0639EACE9833} = {9342A979-60B3-39F3-945F-0639EACE9833}
	EndProjectSection
EndProject
Project("{8BC9CEB8-8B4A-11D0-8D11-00A0C91BC942}") = "Nightly", "Nightly.vcxproj", "{32E328EC-0616-350C-AB5A-51E9F6CF18CC}"
	ProjectSection(ProjectDependencies) = postProject
		{9342A979-60B3-39F3-945F-0639EACE9833} = {9342A979-60B3-39F3-945F-0639EACE9833}
	EndProjectSection
EndProject
Project("{8BC9CEB8-8B4A-11D0-8D11-00A0C91BC942}") = "NightlyMemoryCheck", "NightlyMemoryCheck.vcxproj", "{8B371594-D317-30F9-BC01-D0911C3720CA}"
	ProjectSection(ProjectDependencies) = postProject
		{9342A979-60B3-39F3-945F-0639EACE9833} = {9342A979-60B3-39F3-945F-0639EACE9833}
	EndProjectSection
EndProject
Project("{8BC9CEB8-8B4A-11D0-8D11-00A0C91BC942}") = "PYTHON_PACKAGE", "Gpufit\python\PYTHON_PACKAGE.vcxproj", "{E69D8B79-22FA-35C1-BE80-EDED235A7BA8}"
	ProjectSection(ProjectDependencies) = postProject
		{126BF049-AE1F-3F6F-89C8-367B8B02B2C5} = {126BF049-AE1F-3F6F-89C8-367B8B02B2C5}
		{9342A979-60B3-39F3-945F-0639EACE9833} = {9342A979-60B3-39F3-945F-0639EACE9833}
	EndProjectSection
EndProject
Project("{8BC9CEB8-8B4A-11D0-8D11-00A0C91BC942}") = "PYTHON_WHEEL", "Gpufit\python\PYTHON_WHEEL.vcxproj", "{635D6367-5886-35FB-8563-4210B8EA091D}"
	ProjectSection(ProjectDependencies) = postProject
		{E69D8B79-22FA-35C1-BE80-EDED235A7BA8} = {E69D8B79-22FA-35C1-BE80-EDED235A7BA8}
		{9342A979-60B3-39F3-945F-0639EACE9833} = {9342A979-60B3-39F3-945F-0639EACE9833}
	EndProjectSection
EndProject
Project("{8BC9CEB8-8B4A-11D0-8D11-00A0C91BC942}") = "RUN_MATLAB", "RUN_MATLAB.vcxproj", "{D89C09FB-07C4-3D50-A6BF-5D75FD77E549}"
	ProjectSection(ProjectDependencies) = postProject
		{169ADF4F-27B4-31DE-988F-7BFE89016902} = {169ADF4F-27B4-31DE-988F-7BFE89016902}
		{4A1F9583-1D47-3E8B-A2FF-B3CD52D88790} = {4A1F9583-1D47-3E8B-A2FF-B3CD52D88790}
		{9342A979-60B3-39F3-945F-0639EACE9833} = {9342A979-60B3-39F3-945F-0639EACE9833}
	EndProjectSection
EndProject
Project("{8BC9CEB8-8B4A-11D0-8D11-00A0C91BC942}") = "RUN_PYTHON", "RUN_PYTHON.vcxproj", "{EF347119-A848-30AB-95EC-72EC063C6541}"
	ProjectSection(ProjectDependencies) = postProject
		{126BF049-AE1F-3F6F-89C8-367B8B02B2C5} = {126BF049-AE1F-3F6F-89C8-367B8B02B2C5}
		{9342A979-60B3-39F3-945F-0639EACE9833} = {9342A979-60B3-39F3-945F-0639EACE9833}
	EndProjectSection
EndProject
Project("{8BC9CEB8-8B4A-11D0-8D11-00A0C91BC942}") = "RUN_TESTS", "RUN_TESTS.vcxproj", "{10CE292D-50F5-3AE4-ACD8-E15C964F93B3}"
	ProjectSection(ProjectDependencies) = postProject
		{9342A979-60B3-39F3-945F-0639EACE9833} = {9342A979-60B3-39F3-945F-0639EACE9833}
	EndProjectSection
EndProject
Project("{8BC9CEB8-8B4A-11D0-8D11-00A0C91BC942}") = "Simple_Example", "Gpufit\examples\Simple_Example.vcxproj", "{8F64772D-9FFF-3436-8B00-AAEF3B805EFF}"
	ProjectSection(ProjectDependencies) = postProject
		{126BF049-AE1F-3F6F-89C8-367B8B02B2C5} = {126BF049-AE1F-3F6F-89C8-367B8B02B2C5}
		{9342A979-60B3-39F3-945F-0639EACE9833} = {9342A979-60B3-39F3-945F-0639EACE9833}
	EndProjectSection
EndProject
Project("{8BC9CEB8-8B4A-11D0-8D11-00A0C91BC942}") = "ZERO_CHECK", "ZERO_CHECK.vcxproj", "{9342A979-60B3-39F3-945F-0639EACE9833}"
	ProjectSection(ProjectDependencies) = postProject
	EndProjectSection
EndProject
Global
	GlobalSection(SolutionConfigurationPlatforms) = preSolution
		Debug|x64 = Debug|x64
		Release|x64 = Release|x64
		MinSizeRel|x64 = MinSizeRel|x64
		RelWithDebInfo|x64 = RelWithDebInfo|x64
	EndGlobalSection
	GlobalSection(ProjectConfigurationPlatforms) = postSolution
		{903B0342-D784-3357-B0AE-9A5B40E8A652}.Debug|x64.ActiveCfg = Debug|x64
		{903B0342-D784-3357-B0AE-9A5B40E8A652}.Release|x64.ActiveCfg = Release|x64
		{903B0342-D784-3357-B0AE-9A5B40E8A652}.MinSizeRel|x64.ActiveCfg = MinSizeRel|x64
		{903B0342-D784-3357-B0AE-9A5B40E8A652}.RelWithDebInfo|x64.ActiveCfg = RelWithDebInfo|x64
		{18007A61-1D30-32D6-B02C-580DCFC9C73A}.Debug|x64.ActiveCfg = Debug|x64
		{18007A61-1D30-32D6-B02C-580DCFC9C73A}.Debug|x64.Build.0 = Debug|x64
		{18007A61-1D30-32D6-B02C-580DCFC9C73A}.Release|x64.ActiveCfg = Release|x64
		{18007A61-1D30-32D6-B02C-580DCFC9C73A}.Release|x64.Build.0 = Release|x64
		{18007A61-1D30-32D6-B02C-580DCFC9C73A}.MinSizeRel|x64.ActiveCfg = MinSizeRel|x64
		{18007A61-1D30-32D6-B02C-580DCFC9C73A}.MinSizeRel|x64.Build.0 = MinSizeRel|x64
		{18007A61-1D30-32D6-B02C-580DCFC9C73A}.RelWithDebInfo|x64.ActiveCfg = RelWithDebInfo|x64
		{18007A61-1D30-32D6-B02C-580DCFC9C73A}.RelWithDebInfo|x64.Build.0 = RelWithDebInfo|x64
		{5FA0949A-A96B-3B43-B6C1-EAF49CC3AA95}.Debug|x64.ActiveCfg = Debug|x64
		{5FA0949A-A96B-3B43-B6C1-EAF49CC3AA95}.Release|x64.ActiveCfg = Release|x64
		{5FA0949A-A96B-3B43-B6C1-EAF49CC3AA95}.MinSizeRel|x64.ActiveCfg = MinSizeRel|x64
		{5FA0949A-A96B-3B43-B6C1-EAF49CC3AA95}.RelWithDebInfo|x64.ActiveCfg = RelWithDebInfo|x64
		{BC4718B8-AC84-3074-AE67-6C92BA053765}.Debug|x64.ActiveCfg = Debug|x64
		{BC4718B8-AC84-3074-AE67-6C92BA053765}.Debug|x64.Build.0 = Debug|x64
		{BC4718B8-AC84-3074-AE67-6C92BA053765}.Release|x64.ActiveCfg = Release|x64
		{BC4718B8-AC84-3074-AE67-6C92BA053765}.Release|x64.Build.0 = Release|x64
		{BC4718B8-AC84-3074-AE67-6C92BA053765}.MinSizeRel|x64.ActiveCfg = MinSizeRel|x64
		{BC4718B8-AC84-3074-AE67-6C92BA053765}.MinSizeRel|x64.Build.0 = MinSizeRel|x64
		{BC4718B8-AC84-3074-AE67-6C92BA053765}.RelWithDebInfo|x64.ActiveCfg = RelWithDebInfo|x64
		{BC4718B8-AC84-3074-AE67-6C92BA053765}.RelWithDebInfo|x64.Build.0 = RelWithDebInfo|x64
		{169ADF4F-27B4-31DE-988F-7BFE89016902}.Debug|x64.ActiveCfg = Debug|x64
		{169ADF4F-27B4-31DE-988F-7BFE89016902}.Debug|x64.Build.0 = Debug|x64
		{169ADF4F-27B4-31DE-988F-7BFE89016902}.Release|x64.ActiveCfg = Release|x64
		{169ADF4F-27B4-31DE-988F-7BFE89016902}.Release|x64.Build.0 = Release|x64
		{169ADF4F-27B4-31DE-988F-7BFE89016902}.MinSizeRel|x64.ActiveCfg = MinSizeRel|x64
		{169ADF4F-27B4-31DE-988F-7BFE89016902}.MinSizeRel|x64.Build.0 = MinSizeRel|x64
		{169ADF4F-27B4-31DE-988F-7BFE89016902}.RelWithDebInfo|x64.ActiveCfg = RelWithDebInfo|x64
		{169ADF4F-27B4-31DE-988F-7BFE89016902}.RelWithDebInfo|x64.Build.0 = RelWithDebInfo|x64
		{ADBFC766-8D70-3AB4-8120-89AF7429B964}.Debug|x64.ActiveCfg = Debug|x64
		{ADBFC766-8D70-3AB4-8120-89AF7429B964}.Release|x64.ActiveCfg = Release|x64
		{ADBFC766-8D70-3AB4-8120-89AF7429B964}.MinSizeRel|x64.ActiveCfg = MinSizeRel|x64
		{ADBFC766-8D70-3AB4-8120-89AF7429B964}.RelWithDebInfo|x64.ActiveCfg = RelWithDebInfo|x64
		{C9800236-7C6F-35AE-B32E-9DC4285EACDB}.Debug|x64.ActiveCfg = Debug|x64
		{C9800236-7C6F-35AE-B32E-9DC4285EACDB}.Debug|x64.Build.0 = Debug|x64
		{C9800236-7C6F-35AE-B32E-9DC4285EACDB}.Release|x64.ActiveCfg = Release|x64
		{C9800236-7C6F-35AE-B32E-9DC4285EACDB}.Release|x64.Build.0 = Release|x64
		{C9800236-7C6F-35AE-B32E-9DC4285EACDB}.MinSizeRel|x64.ActiveCfg = MinSizeRel|x64
		{C9800236-7C6F-35AE-B32E-9DC4285EACDB}.MinSizeRel|x64.Build.0 = MinSizeRel|x64
		{C9800236-7C6F-35AE-B32E-9DC4285EACDB}.RelWithDebInfo|x64.ActiveCfg = RelWithDebInfo|x64
		{C9800236-7C6F-35AE-B32E-9DC4285EACDB}.RelWithDebInfo|x64.Build.0 = RelWithDebInfo|x64
		{126BF049-AE1F-3F6F-89C8-367B8B02B2C5}.Debug|x64.ActiveCfg = Debug|x64
		{126BF049-AE1F-3F6F-89C8-367B8B02B2C5}.Debug|x64.Build.0 = Debug|x64
		{126BF049-AE1F-3F6F-89C8-367B8B02B2C5}.Release|x64.ActiveCfg = Release|x64
		{126BF049-AE1F-3F6F-89C8-367B8B02B2C5}.Release|x64.Build.0 = Release|x64
		{126BF049-AE1F-3F6F-89C8-367B8B02B2C5}.MinSizeRel|x64.ActiveCfg = MinSizeRel|x64
		{126BF049-AE1F-3F6F-89C8-367B8B02B2C5}.MinSizeRel|x64.Build.0 = MinSizeRel|x64
		{126BF049-AE1F-3F6F-89C8-367B8B02B2C5}.RelWithDebInfo|x64.ActiveCfg = RelWithDebInfo|x64
		{126BF049-AE1F-3F6F-89C8-367B8B02B2C5}.RelWithDebInfo|x64.Build.0 = RelWithDebInfo|x64
		{6424EA3E-8A61-3BE1-8486-C92E55CD0510}.Debug|x64.ActiveCfg = Debug|x64
		{6424EA3E-8A61-3BE1-8486-C92E55CD0510}.Debug|x64.Build.0 = Debug|x64
		{6424EA3E-8A61-3BE1-8486-C92E55CD0510}.Release|x64.ActiveCfg = Release|x64
		{6424EA3E-8A61-3BE1-8486-C92E55CD0510}.Release|x64.Build.0 = Release|x64
		{6424EA3E-8A61-3BE1-8486-C92E55CD0510}.MinSizeRel|x64.ActiveCfg = MinSizeRel|x64
		{6424EA3E-8A61-3BE1-8486-C92E55CD0510}.MinSizeRel|x64.Build.0 = MinSizeRel|x64
		{6424EA3E-8A61-3BE1-8486-C92E55CD0510}.RelWithDebInfo|x64.ActiveCfg = RelWithDebInfo|x64
		{6424EA3E-8A61-3BE1-8486-C92E55CD0510}.RelWithDebInfo|x64.Build.0 = RelWithDebInfo|x64
		{4A1F9583-1D47-3E8B-A2FF-B3CD52D88790}.Debug|x64.ActiveCfg = Debug|x64
		{4A1F9583-1D47-3E8B-A2FF-B3CD52D88790}.Debug|x64.Build.0 = Debug|x64
		{4A1F9583-1D47-3E8B-A2FF-B3CD52D88790}.Release|x64.ActiveCfg = Release|x64
		{4A1F9583-1D47-3E8B-A2FF-B3CD52D88790}.Release|x64.Build.0 = Release|x64
		{4A1F9583-1D47-3E8B-A2FF-B3CD52D88790}.MinSizeRel|x64.ActiveCfg = MinSizeRel|x64
		{4A1F9583-1D47-3E8B-A2FF-B3CD52D88790}.MinSizeRel|x64.Build.0 = MinSizeRel|x64
		{4A1F9583-1D47-3E8B-A2FF-B3CD52D88790}.RelWithDebInfo|x64.ActiveCfg = RelWithDebInfo|x64
		{4A1F9583-1D47-3E8B-A2FF-B3CD52D88790}.RelWithDebInfo|x64.Build.0 = RelWithDebInfo|x64
		{61D5ECB3-02A3-3AAF-A9D6-F9A4ED447C33}.Debug|x64.ActiveCfg = Debug|x64
		{61D5ECB3-02A3-3AAF-A9D6-F9A4ED447C33}.Debug|x64.Build.0 = Debug|x64
		{61D5ECB3-02A3-3AAF-A9D6-F9A4ED447C33}.Release|x64.ActiveCfg = Release|x64
		{61D5ECB3-02A3-3AAF-A9D6-F9A4ED447C33}.Release|x64.Build.0 = Release|x64
		{61D5ECB3-02A3-3AAF-A9D6-F9A4ED447C33}.MinSizeRel|x64.ActiveCfg = MinSizeRel|x64
		{61D5ECB3-02A3-3AAF-A9D6-F9A4ED447C33}.MinSizeRel|x64.Build.0 = MinSizeRel|x64
		{61D5ECB3-02A3-3AAF-A9D6-F9A4ED447C33}.RelWithDebInfo|x64.ActiveCfg = RelWithDebInfo|x64
		{61D5ECB3-02A3-3AAF-A9D6-F9A4ED447C33}.RelWithDebInfo|x64.Build.0 = RelWithDebInfo|x64
		{65CA58C2-C6CF-31BB-9A37-DEE02BFFC021}.Debug|x64.ActiveCfg = Debug|x64
		{65CA58C2-C6CF-31BB-9A37-DEE02BFFC021}.Debug|x64.Build.0 = Debug|x64
		{65CA58C2-C6CF-31BB-9A37-DEE02BFFC021}.Release|x64.ActiveCfg = Release|x64
		{65CA58C2-C6CF-31BB-9A37-DEE02BFFC021}.Release|x64.Build.0 = Release|x64
		{65CA58C2-C6CF-31BB-9A37-DEE02BFFC021}.MinSizeRel|x64.ActiveCfg = MinSizeRel|x64
		{65CA58C2-C6CF-31BB-9A37-DEE02BFFC021}.MinSizeRel|x64.Build.0 = MinSizeRel|x64
		{65CA58C2-C6CF-31BB-9A37-DEE02BFFC021}.RelWithDebInfo|x64.ActiveCfg = RelWithDebInfo|x64
		{65CA58C2-C6CF-31BB-9A37-DEE02BFFC021}.RelWithDebInfo|x64.Build.0 = RelWithDebInfo|x64
		{D969F8CA-9108-3CFC-AB2F-073DA4061E7D}.Debug|x64.ActiveCfg = Debug|x64
		{D969F8CA-9108-3CFC-AB2F-073DA4061E7D}.Debug|x64.Build.0 = Debug|x64
		{D969F8CA-9108-3CFC-AB2F-073DA4061E7D}.Release|x64.ActiveCfg = Release|x64
		{D969F8CA-9108-3CFC-AB2F-073DA4061E7D}.Release|x64.Build.0 = Release|x64
		{D969F8CA-9108-3CFC-AB2F-073DA4061E7D}.MinSizeRel|x64.ActiveCfg = MinSizeRel|x64
		{D969F8CA-9108-3CFC-AB2F-073DA4061E7D}.MinSizeRel|x64.Build.0 = MinSizeRel|x64
		{D969F8CA-9108-3CFC-AB2F-073DA4061E7D}.RelWithDebInfo|x64.ActiveCfg = RelWithDebInfo|x64
		{D969F8CA-9108-3CFC-AB2F-073DA4061E7D}.RelWithDebInfo|x64.Build.0 = RelWithDebInfo|x64
		{E50417A1-ACD9-315D-9D12-EB28BF2DE652}.Debug|x64.ActiveCfg = Debug|x64
		{E50417A1-ACD9-315D-9D12-EB28BF2DE652}.Debug|x64.Build.0 = Debug|x64
		{E50417A1-ACD9-315D-9D12-EB28BF2DE652}.Release|x64.ActiveCfg = Release|x64
		{E50417A1-ACD9-315D-9D12-EB28BF2DE652}.Release|x64.Build.0 = Release|x64
		{E50417A1-ACD9-315D-9D12-EB28BF2DE652}.MinSizeRel|x64.ActiveCfg = MinSizeRel|x64
		{E50417A1-ACD9-315D-9D12-EB28BF2DE652}.MinSizeRel|x64.Build.0 = MinSizeRel|x64
		{E50417A1-ACD9-315D-9D12-EB28BF2DE652}.RelWithDebInfo|x64.ActiveCfg = RelWithDebInfo|x64
		{E50417A1-ACD9-315D-9D12-EB28BF2DE652}.RelWithDebInfo|x64.Build.0 = RelWithDebInfo|x64
		{A74C6B00-1D22-33C7-94D1-79CC39D54F13}.Debug|x64.ActiveCfg = Debug|x64
		{A74C6B00-1D22-33C7-94D1-79CC39D54F13}.Debug|x64.Build.0 = Debug|x64
		{A74C6B00-1D22-33C7-94D1-79CC39D54F13}.Release|x64.ActiveCfg = Release|x64
		{A74C6B00-1D22-33C7-94D1-79CC39D54F13}.Release|x64.Build.0 = Release|x64
		{A74C6B00-1D22-33C7-94D1-79CC39D54F13}.MinSizeRel|x64.ActiveCfg = MinSizeRel|x64
		{A74C6B00-1D22-33C7-94D1-79CC39D54F13}.MinSizeRel|x64.Build.0 = MinSizeRel|x64
		{A74C6B00-1D22-33C7-94D1-79CC39D54F13}.RelWithDebInfo|x64.ActiveCfg = RelWithDebInfo|x64
		{A74C6B00-1D22-33C7-94D1-79CC39D54F13}.RelWithDebInfo|x64.Build.0 = RelWithDebInfo|x64
		{32E328EC-0616-350C-AB5A-51E9F6CF18CC}.Debug|x64.ActiveCfg = Debug|x64
		{32E328EC-0616-350C-AB5A-51E9F6CF18CC}.Release|x64.ActiveCfg = Release|x64
		{32E328EC-0616-350C-AB5A-51E9F6CF18CC}.MinSizeRel|x64.ActiveCfg = MinSizeRel|x64
		{32E328EC-0616-350C-AB5A-51E9F6CF18CC}.RelWithDebInfo|x64.ActiveCfg = RelWithDebInfo|x64
		{8B371594-D317-30F9-BC01-D0911C3720CA}.Debug|x64.ActiveCfg = Debug|x64
		{8B371594-D317-30F9-BC01-D0911C3720CA}.Release|x64.ActiveCfg = Release|x64
		{8B371594-D317-30F9-BC01-D0911C3720CA}.MinSizeRel|x64.ActiveCfg = MinSizeRel|x64
		{8B371594-D317-30F9-BC01-D0911C3720CA}.RelWithDebInfo|x64.ActiveCfg = RelWithDebInfo|x64
		{E69D8B79-22FA-35C1-BE80-EDED235A7BA8}.Debug|x64.ActiveCfg = Debug|x64
		{E69D8B79-22FA-35C1-BE80-EDED235A7BA8}.Debug|x64.Build.0 = Debug|x64
		{E69D8B79-22FA-35C1-BE80-EDED235A7BA8}.Release|x64.ActiveCfg = Release|x64
		{E69D8B79-22FA-35C1-BE80-EDED235A7BA8}.Release|x64.Build.0 = Release|x64
		{E69D8B79-22FA-35C1-BE80-EDED235A7BA8}.MinSizeRel|x64.ActiveCfg = MinSizeRel|x64
		{E69D8B79-22FA-35C1-BE80-EDED235A7BA8}.MinSizeRel|x64.Build.0 = MinSizeRel|x64
		{E69D8B79-22FA-35C1-BE80-EDED235A7BA8}.RelWithDebInfo|x64.ActiveCfg = RelWithDebInfo|x64
		{E69D8B79-22FA-35C1-BE80-EDED235A7BA8}.RelWithDebInfo|x64.Build.0 = RelWithDebInfo|x64
		{635D6367-5886-35FB-8563-4210B8EA091D}.Debug|x64.ActiveCfg = Debug|x64
		{635D6367-5886-35FB-8563-4210B8EA091D}.Debug|x64.Build.0 = Debug|x64
		{635D6367-5886-35FB-8563-4210B8EA091D}.Release|x64.ActiveCfg = Release|x64
		{635D6367-5886-35FB-8563-4210B8EA091D}.Release|x64.Build.0 = Release|x64
		{635D6367-5886-35FB-8563-4210B8EA091D}.MinSizeRel|x64.ActiveCfg = MinSizeRel|x64
		{635D6367-5886-35FB-8563-4210B8EA091D}.MinSizeRel|x64.Build.0 = MinSizeRel|x64
		{635D6367-5886-35FB-8563-4210B8EA091D}.RelWithDebInfo|x64.ActiveCfg = RelWithDebInfo|x64
		{635D6367-5886-35FB-8563-4210B8EA091D}.RelWithDebInfo|x64.Build.0 = RelWithDebInfo|x64
		{D89C09FB-07C4-3D50-A6BF-5D75FD77E549}.Debug|x64.ActiveCfg = Debug|x64
		{D89C09FB-07C4-3D50-A6BF-5D75FD77E549}.Release|x64.ActiveCfg = Release|x64
		{D89C09FB-07C4-3D50-A6BF-5D75FD77E549}.MinSizeRel|x64.ActiveCfg = MinSizeRel|x64
		{D89C09FB-07C4-3D50-A6BF-5D75FD77E549}.RelWithDebInfo|x64.ActiveCfg = RelWithDebInfo|x64
		{EF347119-A848-30AB-95EC-72EC063C6541}.Debug|x64.ActiveCfg = Debug|x64
		{EF347119-A848-30AB-95EC-72EC063C6541}.Release|x64.ActiveCfg = Release|x64
		{EF347119-A848-30AB-95EC-72EC063C6541}.MinSizeRel|x64.ActiveCfg = MinSizeRel|x64
		{EF347119-A848-30AB-95EC-72EC063C6541}.RelWithDebInfo|x64.ActiveCfg = RelWithDebInfo|x64
		{10CE292D-50F5-3AE4-ACD8-E15C964F93B3}.Debug|x64.ActiveCfg = Debug|x64
		{10CE292D-50F5-3AE4-ACD8-E15C964F93B3}.Release|x64.ActiveCfg = Release|x64
		{10CE292D-50F5-3AE4-ACD8-E15C964F93B3}.MinSizeRel|x64.ActiveCfg = MinSizeRel|x64
		{10CE292D-50F5-3AE4-ACD8-E15C964F93B3}.RelWithDebInfo|x64.ActiveCfg = RelWithDebInfo|x64
		{8F64772D-9FFF-3436-8B00-AAEF3B805EFF}.Debug|x64.ActiveCfg = Debug|x64
		{8F64772D-9FFF-3436-8B00-AAEF3B805EFF}.Debug|x64.Build.0 = Debug|x64
		{8F64772D-9FFF-3436-8B00-AAEF3B805EFF}.Release|x64.ActiveCfg = Release|x64
		{8F64772D-9FFF-3436-8B00-AAEF3B805EFF}.Release|x64.Build.0 = Release|x64
		{8F64772D-9FFF-3436-8B00-AAEF3B805EFF}.MinSizeRel|x64.ActiveCfg = MinSizeRel|x64
		{8F64772D-9FFF-3436-8B00-AAEF3B805EFF}.MinSizeRel|x64.Build.0 = MinSizeRel|x64
		{8F64772D-9FFF-3436-8B00-AAEF3B805EFF}.RelWithDebInfo|x64.ActiveCfg = RelWithDebInfo|x64
		{8F64772D-9FFF-3436-8B00-AAEF3B805EFF}.RelWithDebInfo|x64.Build.0 = RelWithDebInfo|x64
		{9342A979-60B3-39F3-945F-0639EACE9833}.Debug|x64.ActiveCfg = Debug|x64
		{9342A979-60B3-39F3-945F-0639EACE9833}.Debug|x64.Build.0 = Debug|x64
		{9342A979-60B3-39F3-945F-0639EACE9833}.Release|x64.ActiveCfg = Release|x64
		{9342A979-60B3-39F3-945F-0639EACE9833}.Release|x64.Build.0 = Release|x64
		{9342A979-60B3-39F3-945F-0639EACE9833}.MinSizeRel|x64.ActiveCfg = MinSizeRel|x64
		{9342A979-60B3-39F3-945F-0639EACE9833}.MinSizeRel|x64.Build.0 = MinSizeRel|x64
		{9342A979-60B3-39F3-945F-0639EACE9833}.RelWithDebInfo|x64.ActiveCfg = RelWithDebInfo|x64
		{9342A979-60B3-39F3-945F-0639EACE9833}.RelWithDebInfo|x64.Build.0 = RelWithDebInfo|x64
	EndGlobalSection
	GlobalSection(NestedProjects) = preSolution
		{903B0342-D784-3357-B0AE-9A5B40E8A652} = {FBD8E98D-5D5E-3A61-A0ED-9B541461AA7E}
		{E50417A1-ACD9-315D-9D12-EB28BF2DE652} = {FBD8E98D-5D5E-3A61-A0ED-9B541461AA7E}
		{A74C6B00-1D22-33C7-94D1-79CC39D54F13} = {FBD8E98D-5D5E-3A61-A0ED-9B541461AA7E}
		{E69D8B79-22FA-35C1-BE80-EDED235A7BA8} = {FBD8E98D-5D5E-3A61-A0ED-9B541461AA7E}
		{635D6367-5886-35FB-8563-4210B8EA091D} = {FBD8E98D-5D5E-3A61-A0ED-9B541461AA7E}
		{D89C09FB-07C4-3D50-A6BF-5D75FD77E549} = {FBD8E98D-5D5E-3A61-A0ED-9B541461AA7E}
		{EF347119-A848-30AB-95EC-72EC063C6541} = {FBD8E98D-5D5E-3A61-A0ED-9B541461AA7E}
		{10CE292D-50F5-3AE4-ACD8-E15C964F93B3} = {FBD8E98D-5D5E-3A61-A0ED-9B541461AA7E}
		{9342A979-60B3-39F3-945F-0639EACE9833} = {FBD8E98D-5D5E-3A61-A0ED-9B541461AA7E}
		{5FA0949A-A96B-3B43-B6C1-EAF49CC3AA95} = {CC169EE2-50D0-3589-AA89-C86915785FEC}
		{ADBFC766-8D70-3AB4-8120-89AF7429B964} = {CC169EE2-50D0-3589-AA89-C86915785FEC}
		{32E328EC-0616-350C-AB5A-51E9F6CF18CC} = {CC169EE2-50D0-3589-AA89-C86915785FEC}
		{8B371594-D317-30F9-BC01-D0911C3720CA} = {CC169EE2-50D0-3589-AA89-C86915785FEC}
		{61D5ECB3-02A3-3AAF-A9D6-F9A4ED447C33} = {E4BF04EA-2343-3C45-B77F-D68BBEA87DE3}
		{65CA58C2-C6CF-31BB-9A37-DEE02BFFC021} = {E4BF04EA-2343-3C45-B77F-D68BBEA87DE3}
		{18007A61-1D30-32D6-B02C-580DCFC9C73A} = {61BA79AD-D629-3A76-8C5F-F6D29F56665B}
		{C9800236-7C6F-35AE-B32E-9DC4285EACDB} = {61BA79AD-D629-3A76-8C5F-F6D29F56665B}
		{D969F8CA-9108-3CFC-AB2F-073DA4061E7D} = {61BA79AD-D629-3A76-8C5F-F6D29F56665B}
		{8F64772D-9FFF-3436-8B00-AAEF3B805EFF} = {61BA79AD-D629-3A76-8C5F-F6D29F56665B}
	EndGlobalSection
	GlobalSection(ExtensibilityGlobals) = postSolution
		SolutionGuid = {21D63392-7097-387B-BC73-7E360D07DB89}
	EndGlobalSection
	GlobalSection(ExtensibilityAddIns) = postSolution
	EndGlobalSection
EndGlobal
