<?xml version="1.0" encoding="utf-8"?>
<Project ToolsVersion="16.0" xmlns="http://schemas.microsoft.com/developer/msbuild/2003">
  <ItemGroup>
    <CustomBuild Include="C:\Users\will_\Dropbox\Kisley Lab\Gpufit\Builds\Gpufit_build-64_20190709\CMakeFiles\f6d87587159265551ab80006ed1d3e38\RUN_TESTS_force.rule">
      <Filter>CMake Rules</Filter>
    </CustomBuild>
  </ItemGroup>
  <ItemGroup>
    <Filter Include="CMake Rules">
      <UniqueIdentifier>{555603DE-E306-393F-8E7D-20024B89A38F}</UniqueIdentifier>
    </Filter>
  </ItemGroup>
</Project>
