
Microsoft Visual Studio Solution File, Format Version 12.00
# Visual Studio Version 16
Project("{2150E333-8FDC-42A3-9474-1A3956D46DE8}") = "CMakePredefinedTargets", "CMakePredefinedTargets", "{69FD5955-50BB-361B-8751-A417F174272C}"
EndProject
Project("{2150E333-8FDC-42A3-9474-1A3956D46DE8}") = "CTestDashboardTargets", "CTestDashboardTargets", "{AFCD7E49-F47F-3395-AE7D-B2270A6687DC}"
EndProject
Project("{2150E333-8FDC-42A3-9474-1A3956D46DE8}") = "GpufitCpufitExamples", "GpufitCpufitExamples", "{246525BD-7131-3383-B832-3D099025C1B9}"
EndProject
Project("{2150E333-8FDC-42A3-9474-1A3956D46DE8}") = "GpufitExamples", "GpufitExamples", "{08FFD266-81C4-37DE-8E47-F5761F8FA194}"
EndProject
Project("{8BC9CEB8-8B4A-11D0-8D11-00A0C91BC942}") = "ALL_BUILD", "ALL_BUILD.vcxproj", "{BE8A35FB-CBC2-32CA-8934-E7F37481E706}"
	ProjectSection(ProjectDependencies) = postProject
		{885CC33A-7D92-387A-8C06-ECEC890BD6E6} = {885CC33A-7D92-387A-8C06-ECEC890BD6E6}
		{3237863B-534B-3C5C-8F7E-AB586D0D8AED} = {3237863B-534B-3C5C-8F7E-AB586D0D8AED}
		{9993A35C-466C-3E05-83E3-32A87C9992F4} = {9993A35C-466C-3E05-83E3-32A87C9992F4}
		{ABA0B174-01D5-3604-8F8B-6A9AFBC6F70F} = {ABA0B174-01D5-3604-8F8B-6A9AFBC6F70F}
		{938125A8-0FA8-355E-986C-948B648083D6} = {938125A8-0FA8-355E-986C-948B648083D6}
		{352FBFD1-BAD3-3C18-A342-F0D2C6DD94BA} = {352FBFD1-BAD3-3C18-A342-F0D2C6DD94BA}
		{3B8B0F2E-BA4F-3930-96C8-CBF2B0F0F7EE} = {3B8B0F2E-BA4F-3930-96C8-CBF2B0F0F7EE}
		{43B6DF50-941D-3469-AD2E-4F7910A60ED5} = {43B6DF50-941D-3469-AD2E-4F7910A60ED5}
		{77B23159-0EE2-32F5-A9C3-4EC21FDA0160} = {77B23159-0EE2-32F5-A9C3-4EC21FDA0160}
		{B21A6430-DF13-36A6-B6A3-D828FADF1C12} = {B21A6430-DF13-36A6-B6A3-D828FADF1C12}
		{D62CADBC-18E8-3488-82ED-22EEED192381} = {D62CADBC-18E8-3488-82ED-22EEED192381}
		{0DDB5503-E156-3646-A66D-0F4E58605262} = {0DDB5503-E156-3646-A66D-0F4E58605262}
		{F83DC632-1FB8-319B-BCD0-BBDD51C2A76E} = {F83DC632-1FB8-319B-BCD0-BBDD51C2A76E}
		{8AEC7EDB-D585-3B76-9E2F-0A9BADF7554F} = {8AEC7EDB-D585-3B76-9E2F-0A9BADF7554F}
	EndProjectSection
EndProject
Project("{8BC9CEB8-8B4A-11D0-8D11-00A0C91BC942}") = "CUDA_Interface_Example", "Gpufit\examples\CUDA_Interface_Example.vcxproj", "{885CC33A-7D92-387A-8C06-ECEC890BD6E6}"
	ProjectSection(ProjectDependencies) = postProject
		{938125A8-0FA8-355E-986C-948B648083D6} = {938125A8-0FA8-355E-986C-948B648083D6}
		{8AEC7EDB-D585-3B76-9E2F-0A9BADF7554F} = {8AEC7EDB-D585-3B76-9E2F-0A9BADF7554F}
	EndProjectSection
EndProject
Project("{8BC9CEB8-8B4A-11D0-8D11-00A0C91BC942}") = "Continuous", "Continuous.vcxproj", "{708C54CA-8D60-3F7D-8ACC-B1C4DEE3B0D2}"
	ProjectSection(ProjectDependencies) = postProject
		{8AEC7EDB-D585-3B76-9E2F-0A9BADF7554F} = {8AEC7EDB-D585-3B76-9E2F-0A9BADF7554F}
	EndProjectSection
EndProject
Project("{8BC9CEB8-8B4A-11D0-8D11-00A0C91BC942}") = "Cpufit", "Cpufit\Cpufit.vcxproj", "{3237863B-534B-3C5C-8F7E-AB586D0D8AED}"
	ProjectSection(ProjectDependencies) = postProject
		{8AEC7EDB-D585-3B76-9E2F-0A9BADF7554F} = {8AEC7EDB-D585-3B76-9E2F-0A9BADF7554F}
	EndProjectSection
EndProject
Project("{8BC9CEB8-8B4A-11D0-8D11-00A0C91BC942}") = "CpufitMex", "Cpufit\matlab\CpufitMex.vcxproj", "{9993A35C-466C-3E05-83E3-32A87C9992F4}"
	ProjectSection(ProjectDependencies) = postProject
		{3237863B-534B-3C5C-8F7E-AB586D0D8AED} = {3237863B-534B-3C5C-8F7E-AB586D0D8AED}
		{8AEC7EDB-D585-3B76-9E2F-0A9BADF7554F} = {8AEC7EDB-D585-3B76-9E2F-0A9BADF7554F}
	EndProjectSection
EndProject
Project("{8BC9CEB8-8B4A-11D0-8D11-00A0C91BC942}") = "DOCUMENTATION_PDFLATEX", "DOCUMENTATION_PDFLATEX.vcxproj", "{5E62FCC9-2E4A-3790-85E2-008DF23956A3}"
	ProjectSection(ProjectDependencies) = postProject
		{8AEC7EDB-D585-3B76-9E2F-0A9BADF7554F} = {8AEC7EDB-D585-3B76-9E2F-0A9BADF7554F}
	EndProjectSection
EndProject
Project("{8BC9CEB8-8B4A-11D0-8D11-00A0C91BC942}") = "Experimental", "Experimental.vcxproj", "{2CE9A144-403A-368B-B305-0A887E829ACE}"
	ProjectSection(ProjectDependencies) = postProject
		{8AEC7EDB-D585-3B76-9E2F-0A9BADF7554F} = {8AEC7EDB-D585-3B76-9E2F-0A9BADF7554F}
	EndProjectSection
EndProject
Project("{8BC9CEB8-8B4A-11D0-8D11-00A0C91BC942}") = "Gauss_Fit_2D_Example", "Gpufit\examples\Gauss_Fit_2D_Example.vcxproj", "{ABA0B174-01D5-3604-8F8B-6A9AFBC6F70F}"
	ProjectSection(ProjectDependencies) = postProject
		{938125A8-0FA8-355E-986C-948B648083D6} = {938125A8-0FA8-355E-986C-948B648083D6}
		{8AEC7EDB-D585-3B76-9E2F-0A9BADF7554F} = {8AEC7EDB-D585-3B76-9E2F-0A9BADF7554F}
	EndProjectSection
EndProject
Project("{8BC9CEB8-8B4A-11D0-8D11-00A0C91BC942}") = "Gpufit", "Gpufit\Gpufit.vcxproj", "{938125A8-0FA8-355E-986C-948B648083D6}"
	ProjectSection(ProjectDependencies) = postProject
		{8AEC7EDB-D585-3B76-9E2F-0A9BADF7554F} = {8AEC7EDB-D585-3B76-9E2F-0A9BADF7554F}
	EndProjectSection
EndProject
Project("{8BC9CEB8-8B4A-11D0-8D11-00A0C91BC942}") = "GpufitCudaAvailableMex", "Gpufit\matlab\GpufitCudaAvailableMex.vcxproj", "{352FBFD1-BAD3-3C18-A342-F0D2C6DD94BA}"
	ProjectSection(ProjectDependencies) = postProject
		{938125A8-0FA8-355E-986C-948B648083D6} = {938125A8-0FA8-355E-986C-948B648083D6}
		{8AEC7EDB-D585-3B76-9E2F-0A9BADF7554F} = {8AEC7EDB-D585-3B76-9E2F-0A9BADF7554F}
	EndProjectSection
EndProject
Project("{8BC9CEB8-8B4A-11D0-8D11-00A0C91BC942}") = "GpufitMex", "Gpufit\matlab\GpufitMex.vcxproj", "{3B8B0F2E-BA4F-3930-96C8-CBF2B0F0F7EE}"
	ProjectSection(ProjectDependencies) = postProject
		{938125A8-0FA8-355E-986C-948B648083D6} = {938125A8-0FA8-355E-986C-948B648083D6}
		{8AEC7EDB-D585-3B76-9E2F-0A9BADF7554F} = {8AEC7EDB-D585-3B76-9E2F-0A9BADF7554F}
	EndProjectSection
EndProject
Project("{8BC9CEB8-8B4A-11D0-8D11-00A0C91BC942}") = "Gpufit_Cpufit_Nvidia_Profiler_Test", "examples\Gpufit_Cpufit_Nvidia_Profiler_Test.vcxproj", "{43B6DF50-941D-3469-AD2E-4F7910A60ED5}"
	ProjectSection(ProjectDependencies) = postProject
		{3237863B-534B-3C5C-8F7E-AB586D0D8AED} = {3237863B-534B-3C5C-8F7E-AB586D0D8AED}
		{938125A8-0FA8-355E-986C-948B648083D6} = {938125A8-0FA8-355E-986C-948B648083D6}
		{8AEC7EDB-D585-3B76-9E2F-0A9BADF7554F} = {8AEC7EDB-D585-3B76-9E2F-0A9BADF7554F}
	EndProjectSection
EndProject
Project("{8BC9CEB8-8B4A-11D0-8D11-00A0C91BC942}") = "Gpufit_Cpufit_Performance_Comparison", "examples\Gpufit_Cpufit_Performance_Comparison.vcxproj", "{77B23159-0EE2-32F5-A9C3-4EC21FDA0160}"
	ProjectSection(ProjectDependencies) = postProject
		{3237863B-534B-3C5C-8F7E-AB586D0D8AED} = {3237863B-534B-3C5C-8F7E-AB586D0D8AED}
		{938125A8-0FA8-355E-986C-948B648083D6} = {938125A8-0FA8-355E-986C-948B648083D6}
		{8AEC7EDB-D585-3B76-9E2F-0A9BADF7554F} = {8AEC7EDB-D585-3B76-9E2F-0A9BADF7554F}
	EndProjectSection
EndProject
Project("{8BC9CEB8-8B4A-11D0-8D11-00A0C91BC942}") = "Linear_Regression_Example", "Gpufit\examples\Linear_Regression_Example.vcxproj", "{B21A6430-DF13-36A6-B6A3-D828FADF1C12}"
	ProjectSection(ProjectDependencies) = postProject
		{938125A8-0FA8-355E-986C-948B648083D6} = {938125A8-0FA8-355E-986C-948B648083D6}
		{8AEC7EDB-D585-3B76-9E2F-0A9BADF7554F} = {8AEC7EDB-D585-3B76-9E2F-0A9BADF7554F}
	EndProjectSection
EndProject
Project("{8BC9CEB8-8B4A-11D0-8D11-00A0C91BC942}") = "MATLAB_CPUFIT_GPUFIT_PACKAGE", "Cpufit\matlab\MATLAB_CPUFIT_GPUFIT_PACKAGE.vcxproj", "{D62CADBC-18E8-3488-82ED-22EEED192381}"
	ProjectSection(ProjectDependencies) = postProject
		{3237863B-534B-3C5C-8F7E-AB586D0D8AED} = {3237863B-534B-3C5C-8F7E-AB586D0D8AED}
		{9993A35C-466C-3E05-83E3-32A87C9992F4} = {9993A35C-466C-3E05-83E3-32A87C9992F4}
		{F158EB06-B424-344E-9436-AA2ADCC65FA0} = {F158EB06-B424-344E-9436-AA2ADCC65FA0}
		{8AEC7EDB-D585-3B76-9E2F-0A9BADF7554F} = {8AEC7EDB-D585-3B76-9E2F-0A9BADF7554F}
	EndProjectSection
EndProject
Project("{8BC9CEB8-8B4A-11D0-8D11-00A0C91BC942}") = "MATLAB_GPUFIT_PACKAGE", "Gpufit\matlab\MATLAB_GPUFIT_PACKAGE.vcxproj", "{F158EB06-B424-344E-9436-AA2ADCC65FA0}"
	ProjectSection(ProjectDependencies) = postProject
		{938125A8-0FA8-355E-986C-948B648083D6} = {938125A8-0FA8-355E-986C-948B648083D6}
		{352FBFD1-BAD3-3C18-A342-F0D2C6DD94BA} = {352FBFD1-BAD3-3C18-A342-F0D2C6DD94BA}
		{3B8B0F2E-BA4F-3930-96C8-CBF2B0F0F7EE} = {3B8B0F2E-BA4F-3930-96C8-CBF2B0F0F7EE}
		{8AEC7EDB-D585-3B76-9E2F-0A9BADF7554F} = {8AEC7EDB-D585-3B76-9E2F-0A9BADF7554F}
	EndProjectSection
EndProject
Project("{8BC9CEB8-8B4A-11D0-8D11-00A0C91BC942}") = "Nightly", "Nightly.vcxproj", "{0351E9A7-B6F8-3AEF-9A32-C909B67B8AF4}"
	ProjectSection(ProjectDependencies) = postProject
		{8AEC7EDB-D585-3B76-9E2F-0A9BADF7554F} = {8AEC7EDB-D585-3B76-9E2F-0A9BADF7554F}
	EndProjectSection
EndProject
Project("{8BC9CEB8-8B4A-11D0-8D11-00A0C91BC942}") = "NightlyMemoryCheck", "NightlyMemoryCheck.vcxproj", "{C91BA755-AC17-3F6D-A3B2-B6C26734A64E}"
	ProjectSection(ProjectDependencies) = postProject
		{8AEC7EDB-D585-3B76-9E2F-0A9BADF7554F} = {8AEC7EDB-D585-3B76-9E2F-0A9BADF7554F}
	EndProjectSection
EndProject
Project("{8BC9CEB8-8B4A-11D0-8D11-00A0C91BC942}") = "PYTHON_PACKAGE", "Gpufit\python\PYTHON_PACKAGE.vcxproj", "{B6A576F2-A31F-36AD-B63F-6EE7B399F1BD}"
	ProjectSection(ProjectDependencies) = postProject
		{938125A8-0FA8-355E-986C-948B648083D6} = {938125A8-0FA8-355E-986C-948B648083D6}
		{8AEC7EDB-D585-3B76-9E2F-0A9BADF7554F} = {8AEC7EDB-D585-3B76-9E2F-0A9BADF7554F}
	EndProjectSection
EndProject
Project("{8BC9CEB8-8B4A-11D0-8D11-00A0C91BC942}") = "PYTHON_WHEEL", "Gpufit\python\PYTHON_WHEEL.vcxproj", "{0DDB5503-E156-3646-A66D-0F4E58605262}"
	ProjectSection(ProjectDependencies) = postProject
		{B6A576F2-A31F-36AD-B63F-6EE7B399F1BD} = {B6A576F2-A31F-36AD-B63F-6EE7B399F1BD}
		{8AEC7EDB-D585-3B76-9E2F-0A9BADF7554F} = {8AEC7EDB-D585-3B76-9E2F-0A9BADF7554F}
	EndProjectSection
EndProject
Project("{8BC9CEB8-8B4A-11D0-8D11-00A0C91BC942}") = "RUN_MATLAB", "RUN_MATLAB.vcxproj", "{EFF8B6AD-B7A3-3687-9570-1EC3DED9DF51}"
	ProjectSection(ProjectDependencies) = postProject
		{9993A35C-466C-3E05-83E3-32A87C9992F4} = {9993A35C-466C-3E05-83E3-32A87C9992F4}
		{3B8B0F2E-BA4F-3930-96C8-CBF2B0F0F7EE} = {3B8B0F2E-BA4F-3930-96C8-CBF2B0F0F7EE}
		{8AEC7EDB-D585-3B76-9E2F-0A9BADF7554F} = {8AEC7EDB-D585-3B76-9E2F-0A9BADF7554F}
	EndProjectSection
EndProject
Project("{8BC9CEB8-8B4A-11D0-8D11-00A0C91BC942}") = "RUN_PYTHON", "RUN_PYTHON.vcxproj", "{C219C873-F34C-3981-98E7-50331ED4572C}"
	ProjectSection(ProjectDependencies) = postProject
		{938125A8-0FA8-355E-986C-948B648083D6} = {938125A8-0FA8-355E-986C-948B648083D6}
		{8AEC7EDB-D585-3B76-9E2F-0A9BADF7554F} = {8AEC7EDB-D585-3B76-9E2F-0A9BADF7554F}
	EndProjectSection
EndProject
Project("{8BC9CEB8-8B4A-11D0-8D11-00A0C91BC942}") = "RUN_TESTS", "RUN_TESTS.vcxproj", "{7029F56D-D43A-3C8F-8B17-62FBD0081588}"
	ProjectSection(ProjectDependencies) = postProject
		{8AEC7EDB-D585-3B76-9E2F-0A9BADF7554F} = {8AEC7EDB-D585-3B76-9E2F-0A9BADF7554F}
	EndProjectSection
EndProject
Project("{8BC9CEB8-8B4A-11D0-8D11-00A0C91BC942}") = "Simple_Example", "Gpufit\examples\Simple_Example.vcxproj", "{F83DC632-1FB8-319B-BCD0-BBDD51C2A76E}"
	ProjectSection(ProjectDependencies) = postProject
		{938125A8-0FA8-355E-986C-948B648083D6} = {938125A8-0FA8-355E-986C-948B648083D6}
		{8AEC7EDB-D585-3B76-9E2F-0A9BADF7554F} = {8AEC7EDB-D585-3B76-9E2F-0A9BADF7554F}
	EndProjectSection
EndProject
Project("{8BC9CEB8-8B4A-11D0-8D11-00A0C91BC942}") = "ZERO_CHECK", "ZERO_CHECK.vcxproj", "{8AEC7EDB-D585-3B76-9E2F-0A9BADF7554F}"
	ProjectSection(ProjectDependencies) = postProject
	EndProjectSection
EndProject
Global
	GlobalSection(SolutionConfigurationPlatforms) = preSolution
		Debug|x64 = Debug|x64
		Release|x64 = Release|x64
		MinSizeRel|x64 = MinSizeRel|x64
		RelWithDebInfo|x64 = RelWithDebInfo|x64
	EndGlobalSection
	GlobalSection(ProjectConfigurationPlatforms) = postSolution
		{BE8A35FB-CBC2-32CA-8934-E7F37481E706}.Debug|x64.ActiveCfg = Debug|x64
		{BE8A35FB-CBC2-32CA-8934-E7F37481E706}.Release|x64.ActiveCfg = Release|x64
		{BE8A35FB-CBC2-32CA-8934-E7F37481E706}.MinSizeRel|x64.ActiveCfg = MinSizeRel|x64
		{BE8A35FB-CBC2-32CA-8934-E7F37481E706}.RelWithDebInfo|x64.ActiveCfg = RelWithDebInfo|x64
		{885CC33A-7D92-387A-8C06-ECEC890BD6E6}.Debug|x64.ActiveCfg = Debug|x64
		{885CC33A-7D92-387A-8C06-ECEC890BD6E6}.Debug|x64.Build.0 = Debug|x64
		{885CC33A-7D92-387A-8C06-ECEC890BD6E6}.Release|x64.ActiveCfg = Release|x64
		{885CC33A-7D92-387A-8C06-ECEC890BD6E6}.Release|x64.Build.0 = Release|x64
		{885CC33A-7D92-387A-8C06-ECEC890BD6E6}.MinSizeRel|x64.ActiveCfg = MinSizeRel|x64
		{885CC33A-7D92-387A-8C06-ECEC890BD6E6}.MinSizeRel|x64.Build.0 = MinSizeRel|x64
		{885CC33A-7D92-387A-8C06-ECEC890BD6E6}.RelWithDebInfo|x64.ActiveCfg = RelWithDebInfo|x64
		{885CC33A-7D92-387A-8C06-ECEC890BD6E6}.RelWithDebInfo|x64.Build.0 = RelWithDebInfo|x64
		{708C54CA-8D60-3F7D-8ACC-B1C4DEE3B0D2}.Debug|x64.ActiveCfg = Debug|x64
		{708C54CA-8D60-3F7D-8ACC-B1C4DEE3B0D2}.Release|x64.ActiveCfg = Release|x64
		{708C54CA-8D60-3F7D-8ACC-B1C4DEE3B0D2}.MinSizeRel|x64.ActiveCfg = MinSizeRel|x64
		{708C54CA-8D60-3F7D-8ACC-B1C4DEE3B0D2}.RelWithDebInfo|x64.ActiveCfg = RelWithDebInfo|x64
		{3237863B-534B-3C5C-8F7E-AB586D0D8AED}.Debug|x64.ActiveCfg = Debug|x64
		{3237863B-534B-3C5C-8F7E-AB586D0D8AED}.Debug|x64.Build.0 = Debug|x64
		{3237863B-534B-3C5C-8F7E-AB586D0D8AED}.Release|x64.ActiveCfg = Release|x64
		{3237863B-534B-3C5C-8F7E-AB586D0D8AED}.Release|x64.Build.0 = Release|x64
		{3237863B-534B-3C5C-8F7E-AB586D0D8AED}.MinSizeRel|x64.ActiveCfg = MinSizeRel|x64
		{3237863B-534B-3C5C-8F7E-AB586D0D8AED}.MinSizeRel|x64.Build.0 = MinSizeRel|x64
		{3237863B-534B-3C5C-8F7E-AB586D0D8AED}.RelWithDebInfo|x64.ActiveCfg = RelWithDebInfo|x64
		{3237863B-534B-3C5C-8F7E-AB586D0D8AED}.RelWithDebInfo|x64.Build.0 = RelWithDebInfo|x64
		{9993A35C-466C-3E05-83E3-32A87C9992F4}.Debug|x64.ActiveCfg = Debug|x64
		{9993A35C-466C-3E05-83E3-32A87C9992F4}.Debug|x64.Build.0 = Debug|x64
		{9993A35C-466C-3E05-83E3-32A87C9992F4}.Release|x64.ActiveCfg = Release|x64
		{9993A35C-466C-3E05-83E3-32A87C9992F4}.Release|x64.Build.0 = Release|x64
		{9993A35C-466C-3E05-83E3-32A87C9992F4}.MinSizeRel|x64.ActiveCfg = MinSizeRel|x64
		{9993A35C-466C-3E05-83E3-32A87C9992F4}.MinSizeRel|x64.Build.0 = MinSizeRel|x64
		{9993A35C-466C-3E05-83E3-32A87C9992F4}.RelWithDebInfo|x64.ActiveCfg = RelWithDebInfo|x64
		{9993A35C-466C-3E05-83E3-32A87C9992F4}.RelWithDebInfo|x64.Build.0 = RelWithDebInfo|x64
		{5E62FCC9-2E4A-3790-85E2-008DF23956A3}.Debug|x64.ActiveCfg = Debug|x64
		{5E62FCC9-2E4A-3790-85E2-008DF23956A3}.Release|x64.ActiveCfg = Release|x64
		{5E62FCC9-2E4A-3790-85E2-008DF23956A3}.MinSizeRel|x64.ActiveCfg = MinSizeRel|x64
		{5E62FCC9-2E4A-3790-85E2-008DF23956A3}.RelWithDebInfo|x64.ActiveCfg = RelWithDebInfo|x64
		{2CE9A144-403A-368B-B305-0A887E829ACE}.Debug|x64.ActiveCfg = Debug|x64
		{2CE9A144-403A-368B-B305-0A887E829ACE}.Release|x64.ActiveCfg = Release|x64
		{2CE9A144-403A-368B-B305-0A887E829ACE}.MinSizeRel|x64.ActiveCfg = MinSizeRel|x64
		{2CE9A144-403A-368B-B305-0A887E829ACE}.RelWithDebInfo|x64.ActiveCfg = RelWithDebInfo|x64
		{ABA0B174-01D5-3604-8F8B-6A9AFBC6F70F}.Debug|x64.ActiveCfg = Debug|x64
		{ABA0B174-01D5-3604-8F8B-6A9AFBC6F70F}.Debug|x64.Build.0 = Debug|x64
		{ABA0B174-01D5-3604-8F8B-6A9AFBC6F70F}.Release|x64.ActiveCfg = Release|x64
		{ABA0B174-01D5-3604-8F8B-6A9AFBC6F70F}.Release|x64.Build.0 = Release|x64
		{ABA0B174-01D5-3604-8F8B-6A9AFBC6F70F}.MinSizeRel|x64.ActiveCfg = MinSizeRel|x64
		{ABA0B174-01D5-3604-8F8B-6A9AFBC6F70F}.MinSizeRel|x64.Build.0 = MinSizeRel|x64
		{ABA0B174-01D5-3604-8F8B-6A9AFBC6F70F}.RelWithDebInfo|x64.ActiveCfg = RelWithDebInfo|x64
		{ABA0B174-01D5-3604-8F8B-6A9AFBC6F70F}.RelWithDebInfo|x64.Build.0 = RelWithDebInfo|x64
		{938125A8-0FA8-355E-986C-948B648083D6}.Debug|x64.ActiveCfg = Debug|x64
		{938125A8-0FA8-355E-986C-948B648083D6}.Debug|x64.Build.0 = Debug|x64
		{938125A8-0FA8-355E-986C-948B648083D6}.Release|x64.ActiveCfg = Release|x64
		{938125A8-0FA8-355E-986C-948B648083D6}.Release|x64.Build.0 = Release|x64
		{938125A8-0FA8-355E-986C-948B648083D6}.MinSizeRel|x64.ActiveCfg = MinSizeRel|x64
		{938125A8-0FA8-355E-986C-948B648083D6}.MinSizeRel|x64.Build.0 = MinSizeRel|x64
		{938125A8-0FA8-355E-986C-948B648083D6}.RelWithDebInfo|x64.ActiveCfg = RelWithDebInfo|x64
		{938125A8-0FA8-355E-986C-948B648083D6}.RelWithDebInfo|x64.Build.0 = RelWithDebInfo|x64
		{352FBFD1-BAD3-3C18-A342-F0D2C6DD94BA}.Debug|x64.ActiveCfg = Debug|x64
		{352FBFD1-BAD3-3C18-A342-F0D2C6DD94BA}.Debug|x64.Build.0 = Debug|x64
		{352FBFD1-BAD3-3C18-A342-F0D2C6DD94BA}.Release|x64.ActiveCfg = Release|x64
		{352FBFD1-BAD3-3C18-A342-F0D2C6DD94BA}.Release|x64.Build.0 = Release|x64
		{352FBFD1-BAD3-3C18-A342-F0D2C6DD94BA}.MinSizeRel|x64.ActiveCfg = MinSizeRel|x64
		{352FBFD1-BAD3-3C18-A342-F0D2C6DD94BA}.MinSizeRel|x64.Build.0 = MinSizeRel|x64
		{352FBFD1-BAD3-3C18-A342-F0D2C6DD94BA}.RelWithDebInfo|x64.ActiveCfg = RelWithDebInfo|x64
		{352FBFD1-BAD3-3C18-A342-F0D2C6DD94BA}.RelWithDebInfo|x64.Build.0 = RelWithDebInfo|x64
		{3B8B0F2E-BA4F-3930-96C8-CBF2B0F0F7EE}.Debug|x64.ActiveCfg = Debug|x64
		{3B8B0F2E-BA4F-3930-96C8-CBF2B0F0F7EE}.Debug|x64.Build.0 = Debug|x64
		{3B8B0F2E-BA4F-3930-96C8-CBF2B0F0F7EE}.Release|x64.ActiveCfg = Release|x64
		{3B8B0F2E-BA4F-3930-96C8-CBF2B0F0F7EE}.Release|x64.Build.0 = Release|x64
		{3B8B0F2E-BA4F-3930-96C8-CBF2B0F0F7EE}.MinSizeRel|x64.ActiveCfg = MinSizeRel|x64
		{3B8B0F2E-BA4F-3930-96C8-CBF2B0F0F7EE}.MinSizeRel|x64.Build.0 = MinSizeRel|x64
		{3B8B0F2E-BA4F-3930-96C8-CBF2B0F0F7EE}.RelWithDebInfo|x64.ActiveCfg = RelWithDebInfo|x64
		{3B8B0F2E-BA4F-3930-96C8-CBF2B0F0F7EE}.RelWithDebInfo|x64.Build.0 = RelWithDebInfo|x64
		{43B6DF50-941D-3469-AD2E-4F7910A60ED5}.Debug|x64.ActiveCfg = Debug|x64
		{43B6DF50-941D-3469-AD2E-4F7910A60ED5}.Debug|x64.Build.0 = Debug|x64
		{43B6DF50-941D-3469-AD2E-4F7910A60ED5}.Release|x64.ActiveCfg = Release|x64
		{43B6DF50-941D-3469-AD2E-4F7910A60ED5}.Release|x64.Build.0 = Release|x64
		{43B6DF50-941D-3469-AD2E-4F7910A60ED5}.MinSizeRel|x64.ActiveCfg = MinSizeRel|x64
		{43B6DF50-941D-3469-AD2E-4F7910A60ED5}.MinSizeRel|x64.Build.0 = MinSizeRel|x64
		{43B6DF50-941D-3469-AD2E-4F7910A60ED5}.RelWithDebInfo|x64.ActiveCfg = RelWithDebInfo|x64
		{43B6DF50-941D-3469-AD2E-4F7910A60ED5}.RelWithDebInfo|x64.Build.0 = RelWithDebInfo|x64
		{77B23159-0EE2-32F5-A9C3-4EC21FDA0160}.Debug|x64.ActiveCfg = Debug|x64
		{77B23159-0EE2-32F5-A9C3-4EC21FDA0160}.Debug|x64.Build.0 = Debug|x64
		{77B23159-0EE2-32F5-A9C3-4EC21FDA0160}.Release|x64.ActiveCfg = Release|x64
		{77B23159-0EE2-32F5-A9C3-4EC21FDA0160}.Release|x64.Build.0 = Release|x64
		{77B23159-0EE2-32F5-A9C3-4EC21FDA0160}.MinSizeRel|x64.ActiveCfg = MinSizeRel|x64
		{77B23159-0EE2-32F5-A9C3-4EC21FDA0160}.MinSizeRel|x64.Build.0 = MinSizeRel|x64
		{77B23159-0EE2-32F5-A9C3-4EC21FDA0160}.RelWithDebInfo|x64.ActiveCfg = RelWithDebInfo|x64
		{77B23159-0EE2-32F5-A9C3-4EC21FDA0160}.RelWithDebInfo|x64.Build.0 = RelWithDebInfo|x64
		{B21A6430-DF13-36A6-B6A3-D828FADF1C12}.Debug|x64.ActiveCfg = Debug|x64
		{B21A6430-DF13-36A6-B6A3-D828FADF1C12}.Debug|x64.Build.0 = Debug|x64
		{B21A6430-DF13-36A6-B6A3-D828FADF1C12}.Release|x64.ActiveCfg = Release|x64
		{B21A6430-DF13-36A6-B6A3-D828FADF1C12}.Release|x64.Build.0 = Release|x64
		{B21A6430-DF13-36A6-B6A3-D828FADF1C12}.MinSizeRel|x64.ActiveCfg = MinSizeRel|x64
		{B21A6430-DF13-36A6-B6A3-D828FADF1C12}.MinSizeRel|x64.Build.0 = MinSizeRel|x64
		{B21A6430-DF13-36A6-B6A3-D828FADF1C12}.RelWithDebInfo|x64.ActiveCfg = RelWithDebInfo|x64
		{B21A6430-DF13-36A6-B6A3-D828FADF1C12}.RelWithDebInfo|x64.Build.0 = RelWithDebInfo|x64
		{D62CADBC-18E8-3488-82ED-22EEED192381}.Debug|x64.ActiveCfg = Debug|x64
		{D62CADBC-18E8-3488-82ED-22EEED192381}.Debug|x64.Build.0 = Debug|x64
		{D62CADBC-18E8-3488-82ED-22EEED192381}.Release|x64.ActiveCfg = Release|x64
		{D62CADBC-18E8-3488-82ED-22EEED192381}.Release|x64.Build.0 = Release|x64
		{D62CADBC-18E8-3488-82ED-22EEED192381}.MinSizeRel|x64.ActiveCfg = MinSizeRel|x64
		{D62CADBC-18E8-3488-82ED-22EEED192381}.MinSizeRel|x64.Build.0 = MinSizeRel|x64
		{D62CADBC-18E8-3488-82ED-22EEED192381}.RelWithDebInfo|x64.ActiveCfg = RelWithDebInfo|x64
		{D62CADBC-18E8-3488-82ED-22EEED192381}.RelWithDebInfo|x64.Build.0 = RelWithDebInfo|x64
		{F158EB06-B424-344E-9436-AA2ADCC65FA0}.Debug|x64.ActiveCfg = Debug|x64
		{F158EB06-B424-344E-9436-AA2ADCC65FA0}.Debug|x64.Build.0 = Debug|x64
		{F158EB06-B424-344E-9436-AA2ADCC65FA0}.Release|x64.ActiveCfg = Release|x64
		{F158EB06-B424-344E-9436-AA2ADCC65FA0}.Release|x64.Build.0 = Release|x64
		{F158EB06-B424-344E-9436-AA2ADCC65FA0}.MinSizeRel|x64.ActiveCfg = MinSizeRel|x64
		{F158EB06-B424-344E-9436-AA2ADCC65FA0}.MinSizeRel|x64.Build.0 = MinSizeRel|x64
		{F158EB06-B424-344E-9436-AA2ADCC65FA0}.RelWithDebInfo|x64.ActiveCfg = RelWithDebInfo|x64
		{F158EB06-B424-344E-9436-AA2ADCC65FA0}.RelWithDebInfo|x64.Build.0 = RelWithDebInfo|x64
		{0351E9A7-B6F8-3AEF-9A32-C909B67B8AF4}.Debug|x64.ActiveCfg = Debug|x64
		{0351E9A7-B6F8-3AEF-9A32-C909B67B8AF4}.Release|x64.ActiveCfg = Release|x64
		{0351E9A7-B6F8-3AEF-9A32-C909B67B8AF4}.MinSizeRel|x64.ActiveCfg = MinSizeRel|x64
		{0351E9A7-B6F8-3AEF-9A32-C909B67B8AF4}.RelWithDebInfo|x64.ActiveCfg = RelWithDebInfo|x64
		{C91BA755-AC17-3F6D-A3B2-B6C26734A64E}.Debug|x64.ActiveCfg = Debug|x64
		{C91BA755-AC17-3F6D-A3B2-B6C26734A64E}.Release|x64.ActiveCfg = Release|x64
		{C91BA755-AC17-3F6D-A3B2-B6C26734A64E}.MinSizeRel|x64.ActiveCfg = MinSizeRel|x64
		{C91BA755-AC17-3F6D-A3B2-B6C26734A64E}.RelWithDebInfo|x64.ActiveCfg = RelWithDebInfo|x64
		{B6A576F2-A31F-36AD-B63F-6EE7B399F1BD}.Debug|x64.ActiveCfg = Debug|x64
		{B6A576F2-A31F-36AD-B63F-6EE7B399F1BD}.Debug|x64.Build.0 = Debug|x64
		{B6A576F2-A31F-36AD-B63F-6EE7B399F1BD}.Release|x64.ActiveCfg = Release|x64
		{B6A576F2-A31F-36AD-B63F-6EE7B399F1BD}.Release|x64.Build.0 = Release|x64
		{B6A576F2-A31F-36AD-B63F-6EE7B399F1BD}.MinSizeRel|x64.ActiveCfg = MinSizeRel|x64
		{B6A576F2-A31F-36AD-B63F-6EE7B399F1BD}.MinSizeRel|x64.Build.0 = MinSizeRel|x64
		{B6A576F2-A31F-36AD-B63F-6EE7B399F1BD}.RelWithDebInfo|x64.ActiveCfg = RelWithDebInfo|x64
		{B6A576F2-A31F-36AD-B63F-6EE7B399F1BD}.RelWithDebInfo|x64.Build.0 = RelWithDebInfo|x64
		{0DDB5503-E156-3646-A66D-0F4E58605262}.Debug|x64.ActiveCfg = Debug|x64
		{0DDB5503-E156-3646-A66D-0F4E58605262}.Debug|x64.Build.0 = Debug|x64
		{0DDB5503-E156-3646-A66D-0F4E58605262}.Release|x64.ActiveCfg = Release|x64
		{0DDB5503-E156-3646-A66D-0F4E58605262}.Release|x64.Build.0 = Release|x64
		{0DDB5503-E156-3646-A66D-0F4E58605262}.MinSizeRel|x64.ActiveCfg = MinSizeRel|x64
		{0DDB5503-E156-3646-A66D-0F4E58605262}.MinSizeRel|x64.Build.0 = MinSizeRel|x64
		{0DDB5503-E156-3646-A66D-0F4E58605262}.RelWithDebInfo|x64.ActiveCfg = RelWithDebInfo|x64
		{0DDB5503-E156-3646-A66D-0F4E58605262}.RelWithDebInfo|x64.Build.0 = RelWithDebInfo|x64
		{EFF8B6AD-B7A3-3687-9570-1EC3DED9DF51}.Debug|x64.ActiveCfg = Debug|x64
		{EFF8B6AD-B7A3-3687-9570-1EC3DED9DF51}.Release|x64.ActiveCfg = Release|x64
		{EFF8B6AD-B7A3-3687-9570-1EC3DED9DF51}.MinSizeRel|x64.ActiveCfg = MinSizeRel|x64
		{EFF8B6AD-B7A3-3687-9570-1EC3DED9DF51}.RelWithDebInfo|x64.ActiveCfg = RelWithDebInfo|x64
		{C219C873-F34C-3981-98E7-50331ED4572C}.Debug|x64.ActiveCfg = Debug|x64
		{C219C873-F34C-3981-98E7-50331ED4572C}.Release|x64.ActiveCfg = Release|x64
		{C219C873-F34C-3981-98E7-50331ED4572C}.MinSizeRel|x64.ActiveCfg = MinSizeRel|x64
		{C219C873-F34C-3981-98E7-50331ED4572C}.RelWithDebInfo|x64.ActiveCfg = RelWithDebInfo|x64
		{7029F56D-D43A-3C8F-8B17-62FBD0081588}.Debug|x64.ActiveCfg = Debug|x64
		{7029F56D-D43A-3C8F-8B17-62FBD0081588}.Release|x64.ActiveCfg = Release|x64
		{7029F56D-D43A-3C8F-8B17-62FBD0081588}.MinSizeRel|x64.ActiveCfg = MinSizeRel|x64
		{7029F56D-D43A-3C8F-8B17-62FBD0081588}.RelWithDebInfo|x64.ActiveCfg = RelWithDebInfo|x64
		{F83DC632-1FB8-319B-BCD0-BBDD51C2A76E}.Debug|x64.ActiveCfg = Debug|x64
		{F83DC632-1FB8-319B-BCD0-BBDD51C2A76E}.Debug|x64.Build.0 = Debug|x64
		{F83DC632-1FB8-319B-BCD0-BBDD51C2A76E}.Release|x64.ActiveCfg = Release|x64
		{F83DC632-1FB8-319B-BCD0-BBDD51C2A76E}.Release|x64.Build.0 = Release|x64
		{F83DC632-1FB8-319B-BCD0-BBDD51C2A76E}.MinSizeRel|x64.ActiveCfg = MinSizeRel|x64
		{F83DC632-1FB8-319B-BCD0-BBDD51C2A76E}.MinSizeRel|x64.Build.0 = MinSizeRel|x64
		{F83DC632-1FB8-319B-BCD0-BBDD51C2A76E}.RelWithDebInfo|x64.ActiveCfg = RelWithDebInfo|x64
		{F83DC632-1FB8-319B-BCD0-BBDD51C2A76E}.RelWithDebInfo|x64.Build.0 = RelWithDebInfo|x64
		{8AEC7EDB-D585-3B76-9E2F-0A9BADF7554F}.Debug|x64.ActiveCfg = Debug|x64
		{8AEC7EDB-D585-3B76-9E2F-0A9BADF7554F}.Debug|x64.Build.0 = Debug|x64
		{8AEC7EDB-D585-3B76-9E2F-0A9BADF7554F}.Release|x64.ActiveCfg = Release|x64
		{8AEC7EDB-D585-3B76-9E2F-0A9BADF7554F}.Release|x64.Build.0 = Release|x64
		{8AEC7EDB-D585-3B76-9E2F-0A9BADF7554F}.MinSizeRel|x64.ActiveCfg = MinSizeRel|x64
		{8AEC7EDB-D585-3B76-9E2F-0A9BADF7554F}.MinSizeRel|x64.Build.0 = MinSizeRel|x64
		{8AEC7EDB-D585-3B76-9E2F-0A9BADF7554F}.RelWithDebInfo|x64.ActiveCfg = RelWithDebInfo|x64
		{8AEC7EDB-D585-3B76-9E2F-0A9BADF7554F}.RelWithDebInfo|x64.Build.0 = RelWithDebInfo|x64
	EndGlobalSection
	GlobalSection(NestedProjects) = preSolution
		{BE8A35FB-CBC2-32CA-8934-E7F37481E706} = {69FD5955-50BB-361B-8751-A417F174272C}
		{5E62FCC9-2E4A-3790-85E2-008DF23956A3} = {69FD5955-50BB-361B-8751-A417F174272C}
		{D62CADBC-18E8-3488-82ED-22EEED192381} = {69FD5955-50BB-361B-8751-A417F174272C}
		{F158EB06-B424-344E-9436-AA2ADCC65FA0} = {69FD5955-50BB-361B-8751-A417F174272C}
		{B6A576F2-A31F-36AD-B63F-6EE7B399F1BD} = {69FD5955-50BB-361B-8751-A417F174272C}
		{0DDB5503-E156-3646-A66D-0F4E58605262} = {69FD5955-50BB-361B-8751-A417F174272C}
		{EFF8B6AD-B7A3-3687-9570-1EC3DED9DF51} = {69FD5955-50BB-361B-8751-A417F174272C}
		{C219C873-F34C-3981-98E7-50331ED4572C} = {69FD5955-50BB-361B-8751-A417F174272C}
		{7029F56D-D43A-3C8F-8B17-62FBD0081588} = {69FD5955-50BB-361B-8751-A417F174272C}
		{8AEC7EDB-D585-3B76-9E2F-0A9BADF7554F} = {69FD5955-50BB-361B-8751-A417F174272C}
		{708C54CA-8D60-3F7D-8ACC-B1C4DEE3B0D2} = {AFCD7E49-F47F-3395-AE7D-B2270A6687DC}
		{2CE9A144-403A-368B-B305-0A887E829ACE} = {AFCD7E49-F47F-3395-AE7D-B2270A6687DC}
		{0351E9A7-B6F8-3AEF-9A32-C909B67B8AF4} = {AFCD7E49-F47F-3395-AE7D-B2270A6687DC}
		{C91BA755-AC17-3F6D-A3B2-B6C26734A64E} = {AFCD7E49-F47F-3395-AE7D-B2270A6687DC}
		{43B6DF50-941D-3469-AD2E-4F7910A60ED5} = {246525BD-7131-3383-B832-3D099025C1B9}
		{77B23159-0EE2-32F5-A9C3-4EC21FDA0160} = {246525BD-7131-3383-B832-3D099025C1B9}
		{885CC33A-7D92-387A-8C06-ECEC890BD6E6} = {08FFD266-81C4-37DE-8E47-F5761F8FA194}
		{ABA0B174-01D5-3604-8F8B-6A9AFBC6F70F} = {08FFD266-81C4-37DE-8E47-F5761F8FA194}
		{B21A6430-DF13-36A6-B6A3-D828FADF1C12} = {08FFD266-81C4-37DE-8E47-F5761F8FA194}
		{F83DC632-1FB8-319B-BCD0-BBDD51C2A76E} = {08FFD266-81C4-37DE-8E47-F5761F8FA194}
	EndGlobalSection
	GlobalSection(ExtensibilityGlobals) = postSolution
		SolutionGuid = {0BC2240E-74C9-3114-8100-93849DDD9810}
	EndGlobalSection
	GlobalSection(ExtensibilityAddIns) = postSolution
	EndGlobalSection
EndGlobal
